# This file is automatically @generated by Cargo.
# It is not intended for manual editing.
version = 3

[[package]]
name = "cfg-if"
version = "1.0.0"
source = "registry+https://github.com/rust-lang/crates.io-index"
checksum = "baf1de4339761588bc0619e3cbc0120ee582ebb74b53b4efbf79117bd2da40fd"

[[package]]
name = "iai"
version = "0.1.1"
source = "git+https://github.com/bend-n/iai#30f77d9d165f8d2e1fcea8f87bd01cc03d821ae6"
dependencies = [
 "cfg-if",
]

[[package]]
name = "imgref"
version = "1.10.0"
source = "registry+https://github.com/rust-lang/crates.io-index"
checksum = "90d944e334f00f4449c9640b440a171f816be0152305c12ef90424fc35fd035c"

[[package]]
name = "imgref-iter"
version = "0.4.0"
source = "registry+https://github.com/rust-lang/crates.io-index"
checksum = "58112733c0ee178b66dceba49e0445d0b293268719de579d2c7dd4c2290976aa"
dependencies = [
 "imgref",
]

[[package]]
name = "slur"
version = "0.1.0"
dependencies = [
 "iai",
 "imgref",
 "imgref-iter",
]
